// !$*UTF8*$!
{
	archiveVersion = 1;
	classes = {
	};
	objectVersion = 50;
	objects = {

/* Begin PBXBuildFile section */
		3E390B5723FF0AAF00469B90 /* AppDelegate.swift in Sources */ = {isa = PBXBuildFile; fileRef = 3E390B5623FF0AAF00469B90 /* AppDelegate.swift */; };
		3E390B5923FF0AAF00469B90 /* SceneDelegate.swift in Sources */ = {isa = PBXBuildFile; fileRef = 3E390B5823FF0AAF00469B90 /* SceneDelegate.swift */; };
		3E390B5B23FF0AAF00469B90 /* ManageTimerViewController.swift in Sources */ = {isa = PBXBuildFile; fileRef = 3E390B5A23FF0AAF00469B90 /* ManageTimerViewController.swift */; };
		3E390B5E23FF0AAF00469B90 /* Main.storyboard in Resources */ = {isa = PBXBuildFile; fileRef = 3E390B5C23FF0AAF00469B90 /* Main.storyboard */; };
		3E390B6023FF0AB500469B90 /* Assets.xcassets in Resources */ = {isa = PBXBuildFile; fileRef = 3E390B5F23FF0AB500469B90 /* Assets.xcassets */; };
		3E390B6323FF0AB500469B90 /* LaunchScreen.storyboard in Resources */ = {isa = PBXBuildFile; fileRef = 3E390B6123FF0AB500469B90 /* LaunchScreen.storyboard */; };
		3E390B6E23FF0AB500469B90 /* LocalNotificationTimerAppTests.swift in Sources */ = {isa = PBXBuildFile; fileRef = 3E390B6D23FF0AB500469B90 /* LocalNotificationTimerAppTests.swift */; };
		3E390B7923FF0B8600469B90 /* SetTimerViewController.swift in Sources */ = {isa = PBXBuildFile; fileRef = 3E390B7823FF0B8600469B90 /* SetTimerViewController.swift */; };
		3E390BDD24045E7D00469B90 /* TimerStruct.swift in Sources */ = {isa = PBXBuildFile; fileRef = 3E390BDC24045E7D00469B90 /* TimerStruct.swift */; };
		3E390BDF240460AA00469B90 /* swift-logo.png in Resources */ = {isa = PBXBuildFile; fileRef = 3E390BDE240460AA00469B90 /* swift-logo.png */; };
		3E390BE12404615700469B90 /* PendingNotification.swift in Sources */ = {isa = PBXBuildFile; fileRef = 3E390BE02404615700469B90 /* PendingNotification.swift */; };
/* End PBXBuildFile section */

/* Begin PBXContainerItemProxy section */
		3E390B6A23FF0AB500469B90 /* PBXContainerItemProxy */ = {
			isa = PBXContainerItemProxy;
			containerPortal = 3E390B4B23FF0AAF00469B90 /* Project object */;
			proxyType = 1;
			remoteGlobalIDString = 3E390B5223FF0AAF00469B90;
			remoteInfo = LocalNotificationTimerApp;
		};
/* End PBXContainerItemProxy section */

/* Begin PBXFileReference section */
		3E390B5323FF0AAF00469B90 /* LocalNotificationTimerApp.app */ = {isa = PBXFileReference; explicitFileType = wrapper.application; includeInIndex = 0; path = LocalNotificationTimerApp.app; sourceTree = BUILT_PRODUCTS_DIR; };
		3E390B5623FF0AAF00469B90 /* AppDelegate.swift */ = {isa = PBXFileReference; lastKnownFileType = sourcecode.swift; path = AppDelegate.swift; sourceTree = "<group>"; };
		3E390B5823FF0AAF00469B90 /* SceneDelegate.swift */ = {isa = PBXFileReference; lastKnownFileType = sourcecode.swift; path = SceneDelegate.swift; sourceTree = "<group>"; };
		3E390B5A23FF0AAF00469B90 /* ManageTimerViewController.swift */ = {isa = PBXFileReference; lastKnownFileType = sourcecode.swift; path = ManageTimerViewController.swift; sourceTree = "<group>"; };
		3E390B5D23FF0AAF00469B90 /* Base */ = {isa = PBXFileReference; lastKnownFileType = file.storyboard; name = Base; path = Base.lproj/Main.storyboard; sourceTree = "<group>"; };
		3E390B5F23FF0AB500469B90 /* Assets.xcassets */ = {isa = PBXFileReference; lastKnownFileType = folder.assetcatalog; path = Assets.xcassets; sourceTree = "<group>"; };
		3E390B6223FF0AB500469B90 /* Base */ = {isa = PBXFileReference; lastKnownFileType = file.storyboard; name = Base; path = Base.lproj/LaunchScreen.storyboard; sourceTree = "<group>"; };
		3E390B6423FF0AB500469B90 /* Info.plist */ = {isa = PBXFileReference; lastKnownFileType = text.plist.xml; path = Info.plist; sourceTree = "<group>"; };
		3E390B6923FF0AB500469B90 /* LocalNotificationTimerAppTests.xctest */ = {isa = PBXFileReference; explicitFileType = wrapper.cfbundle; includeInIndex = 0; path = LocalNotificationTimerAppTests.xctest; sourceTree = BUILT_PRODUCTS_DIR; };
		3E390B6D23FF0AB500469B90 /* LocalNotificationTimerAppTests.swift */ = {isa = PBXFileReference; lastKnownFileType = sourcecode.swift; path = LocalNotificationTimerAppTests.swift; sourceTree = "<group>"; };
		3E390B6F23FF0AB500469B90 /* Info.plist */ = {isa = PBXFileReference; lastKnownFileType = text.plist.xml; path = Info.plist; sourceTree = "<group>"; };
		3E390B7823FF0B8600469B90 /* SetTimerViewController.swift */ = {isa = PBXFileReference; lastKnownFileType = sourcecode.swift; path = SetTimerViewController.swift; sourceTree = "<group>"; };
		3E390BDC24045E7D00469B90 /* TimerStruct.swift */ = {isa = PBXFileReference; lastKnownFileType = sourcecode.swift; path = TimerStruct.swift; sourceTree = "<group>"; };
		3E390BDE240460AA00469B90 /* swift-logo.png */ = {isa = PBXFileReference; lastKnownFileType = image.png; path = "swift-logo.png"; sourceTree = "<group>"; };
		3E390BE02404615700469B90 /* PendingNotification.swift */ = {isa = PBXFileReference; lastKnownFileType = sourcecode.swift; path = PendingNotification.swift; sourceTree = "<group>"; };
/* End PBXFileReference section */

/* Begin PBXFrameworksBuildPhase section */
		3E390B5023FF0AAF00469B90 /* Frameworks */ = {
			isa = PBXFrameworksBuildPhase;
			buildActionMask = 2147483647;
			files = (
			);
			runOnlyForDeploymentPostprocessing = 0;
		};
		3E390B6623FF0AB500469B90 /* Frameworks */ = {
			isa = PBXFrameworksBuildPhase;
			buildActionMask = 2147483647;
			files = (
			);
			runOnlyForDeploymentPostprocessing = 0;
		};
/* End PBXFrameworksBuildPhase section */

/* Begin PBXGroup section */
		3E390B4A23FF0AAF00469B90 = {
			isa = PBXGroup;
			children = (
				3E390B5523FF0AAF00469B90 /* LocalNotificationTimerApp */,
				3E390BE22404617300469B90 /* Supporting Files */,
				3E390B6C23FF0AB500469B90 /* LocalNotificationTimerAppTests */,
				3E390B5423FF0AAF00469B90 /* Products */,
			);
			sourceTree = "<group>";
		};
		3E390B5423FF0AAF00469B90 /* Products */ = {
			isa = PBXGroup;
			children = (
				3E390B5323FF0AAF00469B90 /* LocalNotificationTimerApp.app */,
				3E390B6923FF0AB500469B90 /* LocalNotificationTimerAppTests.xctest */,
			);
			name = Products;
			sourceTree = "<group>";
		};
		3E390B5523FF0AAF00469B90 /* LocalNotificationTimerApp */ = {
			isa = PBXGroup;
			children = (
				3E390BE3240461D000469B90 /* Controllers */,
				3E390BDC24045E7D00469B90 /* TimerStruct.swift */,
				3E390BE02404615700469B90 /* PendingNotification.swift */,
				3E390BDE240460AA00469B90 /* swift-logo.png */,
				3E390B6123FF0AB500469B90 /* LaunchScreen.storyboard */,
				3E390B6423FF0AB500469B90 /* Info.plist */,
			);
			path = LocalNotificationTimerApp;
			sourceTree = "<group>";
		};
		3E390B6C23FF0AB500469B90 /* LocalNotificationTimerAppTests */ = {
			isa = PBXGroup;
			children = (
				3E390B6D23FF0AB500469B90 /* LocalNotificationTimerAppTests.swift */,
				3E390B6F23FF0AB500469B90 /* Info.plist */,
			);
			path = LocalNotificationTimerAppTests;
			sourceTree = "<group>";
		};
		3E390BE22404617300469B90 /* Supporting Files */ = {
			isa = PBXGroup;
			children = (
				3E390B5823FF0AAF00469B90 /* SceneDelegate.swift */,
				3E390B5623FF0AAF00469B90 /* AppDelegate.swift */,
				3E390B5C23FF0AAF00469B90 /* Main.storyboard */,
				3E390B5F23FF0AB500469B90 /* Assets.xcassets */,
			);
			path = "Supporting Files";
			sourceTree = "<group>";
		};
		3E390BE3240461D000469B90 /* Controllers */ = {
			isa = PBXGroup;
			children = (
				3E390B7823FF0B8600469B90 /* SetTimerViewController.swift */,
				3E390B5A23FF0AAF00469B90 /* ManageTimerViewController.swift */,
			);
			path = Controllers;
			sourceTree = "<group>";
		};
/* End PBXGroup section */

/* Begin PBXNativeTarget section */
		3E390B5223FF0AAF00469B90 /* LocalNotificationTimerApp */ = {
			isa = PBXNativeTarget;
			buildConfigurationList = 3E390B7223FF0AB500469B90 /* Build configuration list for PBXNativeTarget "LocalNotificationTimerApp" */;
			buildPhases = (
				3E390B4F23FF0AAF00469B90 /* Sources */,
				3E390B5023FF0AAF00469B90 /* Frameworks */,
				3E390B5123FF0AAF00469B90 /* Resources */,
			);
			buildRules = (
			);
			dependencies = (
			);
			name = LocalNotificationTimerApp;
			productName = LocalNotificationTimerApp;
			productReference = 3E390B5323FF0AAF00469B90 /* LocalNotificationTimerApp.app */;
			productType = "com.apple.product-type.application";
		};
		3E390B6823FF0AB500469B90 /* LocalNotificationTimerAppTests */ = {
			isa = PBXNativeTarget;
			buildConfigurationList = 3E390B7523FF0AB500469B90 /* Build configuration list for PBXNativeTarget "LocalNotificationTimerAppTests" */;
			buildPhases = (
				3E390B6523FF0AB500469B90 /* Sources */,
				3E390B6623FF0AB500469B90 /* Frameworks */,
				3E390B6723FF0AB500469B90 /* Resources */,
			);
			buildRules = (
			);
			dependencies = (
				3E390B6B23FF0AB500469B90 /* PBXTargetDependency */,
			);
			name = LocalNotificationTimerAppTests;
			productName = LocalNotificationTimerAppTests;
			productReference = 3E390B6923FF0AB500469B90 /* LocalNotificationTimerAppTests.xctest */;
			productType = "com.apple.product-type.bundle.unit-test";
		};
/* End PBXNativeTarget section */

/* Begin PBXProject section */
		3E390B4B23FF0AAF00469B90 /* Project object */ = {
			isa = PBXProject;
			attributes = {
				LastSwiftUpdateCheck = 1130;
				LastUpgradeCheck = 1130;
				ORGANIZATIONNAME = "Tiffany Obi";
				TargetAttributes = {
					3E390B5223FF0AAF00469B90 = {
						CreatedOnToolsVersion = 11.3;
					};
					3E390B6823FF0AB500469B90 = {
						CreatedOnToolsVersion = 11.3;
						TestTargetID = 3E390B5223FF0AAF00469B90;
					};
				};
			};
			buildConfigurationList = 3E390B4E23FF0AAF00469B90 /* Build configuration list for PBXProject "LocalNotificationTimerApp" */;
			compatibilityVersion = "Xcode 9.3";
			developmentRegion = en;
			hasScannedForEncodings = 0;
			knownRegions = (
				en,
				Base,
			);
			mainGroup = 3E390B4A23FF0AAF00469B90;
			productRefGroup = 3E390B5423FF0AAF00469B90 /* Products */;
			projectDirPath = "";
			projectRoot = "";
			targets = (
				3E390B5223FF0AAF00469B90 /* LocalNotificationTimerApp */,
				3E390B6823FF0AB500469B90 /* LocalNotificationTimerAppTests */,
			);
		};
/* End PBXProject section */

/* Begin PBXResourcesBuildPhase section */
		3E390B5123FF0AAF00469B90 /* Resources */ = {
			isa = PBXResourcesBuildPhase;
			buildActionMask = 2147483647;
			files = (
				3E390BDF240460AA00469B90 /* swift-logo.png in Resources */,
				3E390B6323FF0AB500469B90 /* LaunchScreen.storyboard in Resources */,
				3E390B6023FF0AB500469B90 /* Assets.xcassets in Resources */,
				3E390B5E23FF0AAF00469B90 /* Main.storyboard in Resources */,
			);
			runOnlyForDeploymentPostprocessing = 0;
		};
		3E390B6723FF0AB500469B90 /* Resources */ = {
			isa = PBXResourcesBuildPhase;
			buildActionMask = 2147483647;
			files = (
			);
			runOnlyForDeploymentPostprocessing = 0;
		};
/* End PBXResourcesBuildPhase section */

/* Begin PBXSourcesBuildPhase section */
		3E390B4F23FF0AAF00469B90 /* Sources */ = {
			isa = PBXSourcesBuildPhase;
			buildActionMask = 2147483647;
			files = (
				3E390BE12404615700469B90 /* PendingNotification.swift in Sources */,
				3E390B5B23FF0AAF00469B90 /* ManageTimerViewController.swift in Sources */,
				3E390BDD24045E7D00469B90 /* TimerStruct.swift in Sources */,
				3E390B5723FF0AAF00469B90 /* AppDelegate.swift in Sources */,
				3E390B5923FF0AAF00469B90 /* SceneDelegate.swift in Sources */,
				3E390B7923FF0B8600469B90 /* SetTimerViewController.swift in Sources */,
			);
			runOnlyForDeploymentPostprocessing = 0;
		};
		3E390B6523FF0AB500469B90 /* Sources */ = {
			isa = PBXSourcesBuildPhase;
			buildActionMask = 2147483647;
			files = (
				3E390B6E23FF0AB500469B90 /* LocalNotificationTimerAppTests.swift in Sources */,
			);
			runOnlyForDeploymentPostprocessing = 0;
		};
/* End PBXSourcesBuildPhase section */

/* Begin PBXTargetDependency section */
		3E390B6B23FF0AB500469B90 /* PBXTargetDependency */ = {
			isa = PBXTargetDependency;
			target = 3E390B5223FF0AAF00469B90 /* LocalNotificationTimerApp */;
			targetProxy = 3E390B6A23FF0AB500469B90 /* PBXContainerItemProxy */;
		};
/* End PBXTargetDependency section */

/* Begin PBXVariantGroup section */
		3E390B5C23FF0AAF00469B90 /* Main.storyboard */ = {
			isa = PBXVariantGroup;
			children = (
				3E390B5D23FF0AAF00469B90 /* Base */,
			);
			name = Main.storyboard;
			sourceTree = "<group>";
		};
		3E390B6123FF0AB500469B90 /* LaunchScreen.storyboard */ = {
			isa = PBXVariantGroup;
			children = (
				3E390B6223FF0AB500469B90 /* Base */,
			);
			name = LaunchScreen.storyboard;
			sourceTree = "<group>";
		};
/* End PBXVariantGroup section */

/* Begin XCBuildConfiguration section */
		3E390B7023FF0AB500469B90 /* Debug */ = {
			isa = XCBuildConfiguration;
			buildSettings = {
				ALWAYS_SEARCH_USER_PATHS = NO;
				CLANG_ANALYZER_NONNULL = YES;
				CLANG_ANALYZER_NUMBER_OBJECT_CONVERSION = YES_AGGRESSIVE;
				CLANG_CXX_LANGUAGE_STANDARD = "gnu++14";
				CLANG_CXX_LIBRARY = "libc++";
				CLANG_ENABLE_MODULES = YES;
				CLANG_ENABLE_OBJC_ARC = YES;
				CLANG_ENABLE_OBJC_WEAK = YES;
				CLANG_WARN_BLOCK_CAPTURE_AUTORELEASING = YES;
				CLANG_WARN_BOOL_CONVERSION = YES;
				CLANG_WARN_COMMA = YES;
				CLANG_WARN_CONSTANT_CONVERSION = YES;
				CLANG_WARN_DEPRECATED_OBJC_IMPLEMENTATIONS = YES;
				CLANG_WARN_DIRECT_OBJC_ISA_USAGE = YES_ERROR;
				CLANG_WARN_DOCUMENTATION_COMMENTS = YES;
				CLANG_WARN_EMPTY_BODY = YES;
				CLANG_WARN_ENUM_CONVERSION = YES;
				CLANG_WARN_INFINITE_RECURSION = YES;
				CLANG_WARN_INT_CONVERSION = YES;
				CLANG_WARN_NON_LITERAL_NULL_CONVERSION = YES;
				CLANG_WARN_OBJC_IMPLICIT_RETAIN_SELF = YES;
				CLANG_WARN_OBJC_LITERAL_CONVERSION = YES;
				CLANG_WARN_OBJC_ROOT_CLASS = YES_ERROR;
				CLANG_WARN_RANGE_LOOP_ANALYSIS = YES;
				CLANG_WARN_STRICT_PROTOTYPES = YES;
				CLANG_WARN_SUSPICIOUS_MOVE = YES;
				CLANG_WARN_UNGUARDED_AVAILABILITY = YES_AGGRESSIVE;
				CLANG_WARN_UNREACHABLE_CODE = YES;
				CLANG_WARN__DUPLICATE_METHOD_MATCH = YES;
				COPY_PHASE_STRIP = NO;
				DEBUG_INFORMATION_FORMAT = dwarf;
				ENABLE_STRICT_OBJC_MSGSEND = YES;
				ENABLE_TESTABILITY = YES;
				GCC_C_LANGUAGE_STANDARD = gnu11;
				GCC_DYNAMIC_NO_PIC = NO;
				GCC_NO_COMMON_BLOCKS = YES;
				GCC_OPTIMIZATION_LEVEL = 0;
				GCC_PREPROCESSOR_DEFINITIONS = (
					"DEBUG=1",
					"$(inherited)",
				);
				GCC_WARN_64_TO_32_BIT_CONVERSION = YES;
				GCC_WARN_ABOUT_RETURN_TYPE = YES_ERROR;
				GCC_WARN_UNDECLARED_SELECTOR = YES;
				GCC_WARN_UNINITIALIZED_AUTOS = YES_AGGRESSIVE;
				GCC_WARN_UNUSED_FUNCTION = YES;
				GCC_WARN_UNUSED_VARIABLE = YES;
				IPHONEOS_DEPLOYMENT_TARGET = 13.2;
				MTL_ENABLE_DEBUG_INFO = INCLUDE_SOURCE;
				MTL_FAST_MATH = YES;
				ONLY_ACTIVE_ARCH = YES;
				SDKROOT = iphoneos;
				SWIFT_ACTIVE_COMPILATION_CONDITIONS = DEBUG;
				SWIFT_OPTIMIZATION_LEVEL = "-Onone";
			};
			name = Debug;
		};
		3E390B7123FF0AB500469B90 /* Release */ = {
			isa = XCBuildConfiguration;
			buildSettings = {
				ALWAYS_SEARCH_USER_PATHS = NO;
				CLANG_ANALYZER_NONNULL = YES;
				CLANG_ANALYZER_NUMBER_OBJECT_CONVERSION = YES_AGGRESSIVE;
				CLANG_CXX_LANGUAGE_STANDARD = "gnu++14";
				CLANG_CXX_LIBRARY = "libc++";
				CLANG_ENABLE_MODULES = YES;
				CLANG_ENABLE_OBJC_ARC = YES;
				CLANG_ENABLE_OBJC_WEAK = YES;
				CLANG_WARN_BLOCK_CAPTURE_AUTORELEASING = YES;
				CLANG_WARN_BOOL_CONVERSION = YES;
				CLANG_WARN_COMMA = YES;
				CLANG_WARN_CONSTANT_CONVERSION = YES;
				CLANG_WARN_DEPRECATED_OBJC_IMPLEMENTATIONS = YES;
				CLANG_WARN_DIRECT_OBJC_ISA_USAGE = YES_ERROR;
				CLANG_WARN_DOCUMENTATION_COMMENTS = YES;
				CLANG_WARN_EMPTY_BODY = YES;
				CLANG_WARN_ENUM_CONVERSION = YES;
				CLANG_WARN_INFINITE_RECURSION = YES;
				CLANG_WARN_INT_CONVERSION = YES;
				CLANG_WARN_NON_LITERAL_NULL_CONVERSION = YES;
				CLANG_WARN_OBJC_IMPLICIT_RETAIN_SELF = YES;
				CLANG_WARN_OBJC_LITERAL_CONVERSION = YES;
				CLANG_WARN_OBJC_ROOT_CLASS = YES_ERROR;
				CLANG_WARN_RANGE_LOOP_ANALYSIS = YES;
				CLANG_WARN_STRICT_PROTOTYPES = YES;
				CLANG_WARN_SUSPICIOUS_MOVE = YES;
				CLANG_WARN_UNGUARDED_AVAILABILITY = YES_AGGRESSIVE;
				CLANG_WARN_UNREACHABLE_CODE = YES;
				CLANG_WARN__DUPLICATE_METHOD_MATCH = YES;
				COPY_PHASE_STRIP = NO;
				DEBUG_INFORMATION_FORMAT = "dwarf-with-dsym";
				ENABLE_NS_ASSERTIONS = NO;
				ENABLE_STRICT_OBJC_MSGSEND = YES;
				GCC_C_LANGUAGE_STANDARD = gnu11;
				GCC_NO_COMMON_BLOCKS = YES;
				GCC_WARN_64_TO_32_BIT_CONVERSION = YES;
				GCC_WARN_ABOUT_RETURN_TYPE = YES_ERROR;
				GCC_WARN_UNDECLARED_SELECTOR = YES;
				GCC_WARN_UNINITIALIZED_AUTOS = YES_AGGRESSIVE;
				GCC_WARN_UNUSED_FUNCTION = YES;
				GCC_WARN_UNUSED_VARIABLE = YES;
				IPHONEOS_DEPLOYMENT_TARGET = 13.2;
				MTL_ENABLE_DEBUG_INFO = NO;
				MTL_FAST_MATH = YES;
				SDKROOT = iphoneos;
				SWIFT_COMPILATION_MODE = wholemodule;
				SWIFT_OPTIMIZATION_LEVEL = "-O";
				VALIDATE_PRODUCT = YES;
			};
			name = Release;
		};
		3E390B7323FF0AB500469B90 /* Debug */ = {
			isa = XCBuildConfiguration;
			buildSettings = {
				ASSETCATALOG_COMPILER_APPICON_NAME = AppIcon;
				CODE_SIGN_STYLE = Automatic;
				DEVELOPMENT_TEAM = 26RHXP32FH;
				INFOPLIST_FILE = LocalNotificationTimerApp/Info.plist;
				LD_RUNPATH_SEARCH_PATHS = (
					"$(inherited)",
					"@executable_path/Frameworks",
				);
				PRODUCT_BUNDLE_IDENTIFIER = org.tiffanyobi.LocalNotificationTimerApp;
				PRODUCT_NAME = "$(TARGET_NAME)";
				SWIFT_VERSION = 5.0;
				TARGETED_DEVICE_FAMILY = "1,2";
			};
			name = Debug;
		};
		3E390B7423FF0AB500469B90 /* Release */ = {
			isa = XCBuildConfiguration;
			buildSettings = {
				ASSETCATALOG_COMPILER_APPICON_NAME = AppIcon;
				CODE_SIGN_STYLE = Automatic;
				DEVELOPMENT_TEAM = 26RHXP32FH;
				INFOPLIST_FILE = LocalNotificationTimerApp/Info.plist;
				LD_RUNPATH_SEARCH_PATHS = (
					"$(inherited)",
					"@executable_path/Frameworks",
				);
				PRODUCT_BUNDLE_IDENTIFIER = org.tiffanyobi.LocalNotificationTimerApp;
				PRODUCT_NAME = "$(TARGET_NAME)";
				SWIFT_VERSION = 5.0;
				TARGETED_DEVICE_FAMILY = "1,2";
			};
			name = Release;
		};
		3E390B7623FF0AB500469B90 /* Debug */ = {
			isa = XCBuildConfiguration;
			buildSettings = {
				ALWAYS_EMBED_SWIFT_STANDARD_LIBRARIES = YES;
				BUNDLE_LOADER = "$(TEST_HOST)";
				CODE_SIGN_STYLE = Automatic;
				DEVELOPMENT_TEAM = 26RHXP32FH;
				INFOPLIST_FILE = LocalNotificationTimerAppTests/Info.plist;
				IPHONEOS_DEPLOYMENT_TARGET = 13.2;
				LD_RUNPATH_SEARCH_PATHS = (
					"$(inherited)",
					"@executable_path/Frameworks",
					"@loader_path/Frameworks",
				);
				PRODUCT_BUNDLE_IDENTIFIER = org.tiffanyobi.LocalNotificationTimerAppTests;
				PRODUCT_NAME = "$(TARGET_NAME)";
				SWIFT_VERSION = 5.0;
				TARGETED_DEVICE_FAMILY = "1,2";
				TEST_HOST = "$(BUILT_PRODUCTS_DIR)/LocalNotificationTimerApp.app/LocalNotificationTimerApp";
			};
			name = Debug;
		};
		3E390B7723FF0AB500469B90 /* Release */ = {
			isa = XCBuildConfiguration;
			buildSettings = {
				ALWAYS_EMBED_SWIFT_STANDARD_LIBRARIES = YES;
				BUNDLE_LOADER = "$(TEST_HOST)";
				CODE_SIGN_STYLE = Automatic;
				DEVELOPMENT_TEAM = 26RHXP32FH;
				INFOPLIST_FILE = LocalNotificationTimerAppTests/Info.plist;
				IPHONEOS_DEPLOYMENT_TARGET = 13.2;
				LD_RUNPATH_SEARCH_PATHS = (
					"$(inherited)",
					"@executable_path/Frameworks",
					"@loader_path/Frameworks",
				);
				PRODUCT_BUNDLE_IDENTIFIER = org.tiffanyobi.LocalNotificationTimerAppTests;
				PRODUCT_NAME = "$(TARGET_NAME)";
				SWIFT_VERSION = 5.0;
				TARGETED_DEVICE_FAMILY = "1,2";
				TEST_HOST = "$(BUILT_PRODUCTS_DIR)/LocalNotificationTimerApp.app/LocalNotificationTimerApp";
			};
			name = Release;
		};
/* End XCBuildConfiguration section */

/* Begin XCConfigurationList section */
		3E390B4E23FF0AAF00469B90 /* Build configuration list for PBXProject "LocalNotificationTimerApp" */ = {
			isa = XCConfigurationList;
			buildConfigurations = (
				3E390B7023FF0AB500469B90 /* Debug */,
				3E390B7123FF0AB500469B90 /* Release */,
			);
			defaultConfigurationIsVisible = 0;
			defaultConfigurationName = Release;
		};
		3E390B7223FF0AB500469B90 /* Build configuration list for PBXNativeTarget "LocalNotificationTimerApp" */ = {
			isa = XCConfigurationList;
			buildConfigurations = (
				3E390B7323FF0AB500469B90 /* Debug */,
				3E390B7423FF0AB500469B90 /* Release */,
			);
			defaultConfigurationIsVisible = 0;
			defaultConfigurationName = Release;
		};
		3E390B7523FF0AB500469B90 /* Build configuration list for PBXNativeTarget "LocalNotificationTimerAppTests" */ = {
			isa = XCConfigurationList;
			buildConfigurations = (
				3E390B7623FF0AB500469B90 /* Debug */,
				3E390B7723FF0AB500469B90 /* Release */,
			);
			defaultConfigurationIsVisible = 0;
			defaultConfigurationName = Release;
		};
/* End XCConfigurationList section */
	};
	rootObject = 3E390B4B23FF0AAF00469B90 /* Project object */;
}
